
Microsoft Visual Studio Solution File, Format Version 12.00
# Visual Studio 15
VisualStudioVersion = 15.0.27004.2006
MinimumVisualStudioVersion = 10.0.40219.1
Project("{888888A0-9F3D-457C-B088-3A5042F75D52}") = "NTM", "NTM\NTM.pyproj", "{5D39565F-46C0-455F-8F8D-9A022E33D40C}"
EndProject
Global
	GlobalSection(SolutionConfigurationPlatforms) = preSolution
		Debug|Any CPU = Debug|Any CPU
		Release|Any CPU = Release|Any CPU
	EndGlobalSection
	GlobalSection(ProjectConfigurationPlatforms) = postSolution
		{5D39565F-46C0-455F-8F8D-9A022E33D40C}.Debug|Any CPU.ActiveCfg = Debug|Any CPU
		{5D39565F-46C0-455F-8F8D-9A022E33D40C}.Release|Any CPU.ActiveCfg = Release|Any CPU
	EndGlobalSection
	GlobalSection(SolutionProperties) = preSolution
		HideSolutionNode = FALSE
	EndGlobalSection
	GlobalSection(ExtensibilityGlobals) = postSolution
		SolutionGuid = {184C9646-DEA2-4331-9DB8-B0480BC082A3}
	EndGlobalSection
EndGlobal
